PODS:
  - FBSnapshotTestCase (2.1.4):
    - FBSnapshotTestCase/SwiftSupport (= 2.1.4)
  - FBSnapshotTestCase/Core (2.1.4)
  - FBSnapshotTestCase/SwiftSupport (2.1.4):
    - FBSnapshotTestCase/Core
  - NBLShareView (0.1.2)

DEPENDENCIES:
  - FBSnapshotTestCase
  - NBLShareView (from `../`)

SPEC REPOS:
  https://github.com/cocoapods/specs.git:
    - FBSnapshotTestCase

EXTERNAL SOURCES:
  NBLShareView:
    :path: "../"

SPEC CHECKSUMS:
  FBSnapshotTestCase: 094f9f314decbabe373b87cc339bea235a63e07a
  NBLShareView: 7d416d560f58a2aabaeec5456f6488cc4d9f2e1d

PODFILE CHECKSUM: ef677ff571e05b51f397fbfae7c1bbc0f91d0dee

COCOAPODS: 1.5.3
