PODS:
  - FBSnapshotTestCase (2.1.4):
    - FBSnapshotTestCase/SwiftSupport (= 2.1.4)
  - FBSnapshotTestCase/Core (2.1.4)
  - FBSnapshotTestCase/SwiftSupport (2.1.4):
    - FBSnapshotTestCase/Core
  - Masonry (1.1.0)
  - NBLShareView (0.1.0):
    - Masonry

DEPENDENCIES:
  - FBSnapshotTestCase
  - NBLShareView (from `../`)

SPEC REPOS:
  https://github.com/cocoapods/specs.git:
    - FBSnapshotTestCase
    - Masonry

EXTERNAL SOURCES:
  NBLShareView:
    :path: "../"

SPEC CHECKSUMS:
  FBSnapshotTestCase: 094f9f314decbabe373b87cc339bea235a63e07a
  Masonry: 678fab65091a9290e40e2832a55e7ab731aad201
  NBLShareView: c7e2197b107bf2a8cd3382b2ba7893981f5618cf

PODFILE CHECKSUM: ef677ff571e05b51f397fbfae7c1bbc0f91d0dee

COCOAPODS: 1.5.3
